<?xml version="1.0" encoding="utf-8"?>
<Project ToolsVersion="17.0" xmlns="http://schemas.microsoft.com/developer/msbuild/2003">
  <ItemGroup>
    <CustomBuild Include="C:\Users\prath\OneDrive\Documents\Libs\glfw-3.4\build\CMakeFiles\c51e39ac0c347f899d3894519fb41340\INSTALL_force.rule">
      <Filter>CMake Rules</Filter>
    </CustomBuild>
  </ItemGroup>
  <ItemGroup>
    <Filter Include="CMake Rules">
      <UniqueIdentifier>{1AB26E46-EEF2-3829-B3CC-B591B22384E5}</UniqueIdentifier>
    </Filter>
  </ItemGroup>
</Project>
